
Microsoft Visual Studio Solution File, Format Version 12.00
# Visual Studio Version 17
VisualStudioVersion = 17.2.32526.322
MinimumVisualStudioVersion = 10.0.40219.1
Project("{9A19103F-16F7-4668-BE54-9A1E7A4F7556}") = "IRIS OCR Desktop", "IRIS OCR Desktop.csproj", "{7B408414-A22D-462B-B95E-FF7CD409108D}"
EndProject
Global
	GlobalSection(SolutionConfigurationPlatforms) = preSolution
		Debug|Any CPU = Debug|Any CPU
		Release|Any CPU = Release|Any CPU
	EndGlobalSection
	GlobalSection(ProjectConfigurationPlatforms) = postSolution
		{7B408414-A22D-462B-B95E-FF7CD409108D}.Debug|Any CPU.ActiveCfg = Debug|Any CPU
		{7B408414-A22D-462B-B95E-FF7CD409108D}.Debug|Any CPU.Build.0 = Debug|Any CPU
		{7B408414-A22D-462B-B95E-FF7CD409108D}.Release|Any CPU.ActiveCfg = Release|Any CPU
		{7B408414-A22D-462B-B95E-FF7CD409108D}.Release|Any CPU.Build.0 = Release|Any CPU
	EndGlobalSection
	GlobalSection(SolutionProperties) = preSolution
		HideSolutionNode = FALSE
	EndGlobalSection
	GlobalSection(ExtensibilityGlobals) = postSolution
		SolutionGuid = {2FE54BBC-7F0A-4269-B801-AA406B97720F}
	EndGlobalSection
EndGlobal
